// !$*UTF8*$!
{
	archiveVersion = 1;
	classes = {
	};
	objectVersion = 46;
	objects = {

/* Begin PBXBuildFile section */
		1D3623260D0F684500981E51 /* MachineAppDelegate.m in Sources */ = {isa = PBXBuildFile; fileRef = 1D3623250D0F684500981E51 /* MachineAppDelegate.m */; };
		1D60589B0D05DD56006BFB54 /* main.m in Sources */ = {isa = PBXBuildFile; fileRef = 29B97316FDCFA39411CA2CEA /* main.m */; };
		1D60589F0D05DD5A006BFB54 /* Foundation.framework in Frameworks */ = {isa = PBXBuildFile; fileRef = 1D30AB110D05D00D00671497 /* Foundation.framework */; };
		1DF5F4E00D08C38300B7A737 /* UIKit.framework in Frameworks */ = {isa = PBXBuildFile; fileRef = 1DF5F4DF0D08C38300B7A737 /* UIKit.framework */; };
		2804200B108E984D000629CD /* RootViewController.m in Sources */ = {isa = PBXBuildFile; fileRef = 28042008108E984D000629CD /* RootViewController.m */; };
		280420C1108EA07E000629CD /* CoreData.framework in Frameworks */ = {isa = PBXBuildFile; fileRef = 280420C0108EA07E000629CD /* CoreData.framework */; };
		2819300E112F7FA900ECF9B4 /* Machine.xcdatamodeld in Sources */ = {isa = PBXBuildFile; fileRef = 2819300D112F7FA900ECF9B4 /* Machine.xcdatamodeld */; };
		2892E4100DC94CBA00A64D0F /* CoreGraphics.framework in Frameworks */ = {isa = PBXBuildFile; fileRef = 2892E40F0DC94CBA00A64D0F /* CoreGraphics.framework */; };
		28AD73600D9D9599002E5188 /* MainWindow.xib in Resources */ = {isa = PBXBuildFile; fileRef = 28AD735F0D9D9599002E5188 /* MainWindow.xib */; };
		D117079E1308BCFD00144E07 /* Default-Landscape.png in Resources */ = {isa = PBXBuildFile; fileRef = D11707991308BCFD00144E07 /* Default-Landscape.png */; };
		D117079F1308BCFD00144E07 /* Default-LandscapeLeft.png in Resources */ = {isa = PBXBuildFile; fileRef = D117079A1308BCFD00144E07 /* Default-LandscapeLeft.png */; };
		D11707A01308BCFD00144E07 /* Default-LandscapeRight.png in Resources */ = {isa = PBXBuildFile; fileRef = D117079B1308BCFD00144E07 /* Default-LandscapeRight.png */; };
		D11707A11308BCFD00144E07 /* Default-Portrait.png in Resources */ = {isa = PBXBuildFile; fileRef = D117079C1308BCFD00144E07 /* Default-Portrait.png */; };
		D11707A21308BCFD00144E07 /* Default-PortraitUpsideDown.png in Resources */ = {isa = PBXBuildFile; fileRef = D117079D1308BCFD00144E07 /* Default-PortraitUpsideDown.png */; };
		D1205D0D13AC21FA00E346E5 /* UIKit.framework in Frameworks */ = {isa = PBXBuildFile; fileRef = 1DF5F4DF0D08C38300B7A737 /* UIKit.framework */; };
		D1205D0E13AC21FA00E346E5 /* Foundation.framework in Frameworks */ = {isa = PBXBuildFile; fileRef = 1D30AB110D05D00D00671497 /* Foundation.framework */; };
		D1205D0F13AC21FA00E346E5 /* CoreGraphics.framework in Frameworks */ = {isa = PBXBuildFile; fileRef = 2892E40F0DC94CBA00A64D0F /* CoreGraphics.framework */; };
		D1205D1513AC21FA00E346E5 /* InfoPlist.strings in Resources */ = {isa = PBXBuildFile; fileRef = D1205D1313AC21FA00E346E5 /* InfoPlist.strings */; };
		D1205D1813AC21FA00E346E5 /* GHUnitIOSTestMain.m in Sources */ = {isa = PBXBuildFile; fileRef = D1205D1713AC21FA00E346E5 /* GHUnitIOSTestMain.m */; };
		D1205D1B13AC21FA00E346E5 /* TestsAppDelegate.m in Sources */ = {isa = PBXBuildFile; fileRef = D1205D1A13AC21FA00E346E5 /* TestsAppDelegate.m */; };
		D1205D1F13AC21FA00E346E5 /* TestsAppDelegate_iPhone.m in Sources */ = {isa = PBXBuildFile; fileRef = D1205D1E13AC21FA00E346E5 /* TestsAppDelegate_iPhone.m */; };
		D1205D2213AC21FA00E346E5 /* MainWindow_iPhone.xib in Resources */ = {isa = PBXBuildFile; fileRef = D1205D2013AC21FA00E346E5 /* MainWindow_iPhone.xib */; };
		D1205D2613AC21FA00E346E5 /* TestsAppDelegate_iPad.m in Sources */ = {isa = PBXBuildFile; fileRef = D1205D2513AC21FA00E346E5 /* TestsAppDelegate_iPad.m */; };
		D1205D2913AC21FA00E346E5 /* MainWindow_iPad.xib in Resources */ = {isa = PBXBuildFile; fileRef = D1205D2713AC21FA00E346E5 /* MainWindow_iPad.xib */; };
		D1218B9E13AD091E00231688 /* README in Resources */ = {isa = PBXBuildFile; fileRef = D1218B9D13AD091E00231688 /* README */; };
		D13D307B13AD0B7F0041ECAC /* GHUnitIOS.framework in Frameworks */ = {isa = PBXBuildFile; fileRef = D13D307A13AD0B7F0041ECAC /* GHUnitIOS.framework */; };
		D13D308313AD23F80041ECAC /* SampleTests.m in Sources */ = {isa = PBXBuildFile; fileRef = D13D308213AD23F80041ECAC /* SampleTests.m */; };
		D13D308613AD4E2B0041ECAC /* Goal.m in Sources */ = {isa = PBXBuildFile; fileRef = D13D308513AD4E2B0041ECAC /* Goal.m */; };
		D13D30B113AD4FE10041ECAC /* BloodGlucose.m in Sources */ = {isa = PBXBuildFile; fileRef = D13D308813AD4FE00041ECAC /* BloodGlucose.m */; };
		D13D30B213AD4FE10041ECAC /* BloodGlucoseAddViewController.m in Sources */ = {isa = PBXBuildFile; fileRef = D13D308A13AD4FE00041ECAC /* BloodGlucoseAddViewController.m */; };
		D13D30B313AD4FE10041ECAC /* BloodGlucoseDay.m in Sources */ = {isa = PBXBuildFile; fileRef = D13D308C13AD4FE00041ECAC /* BloodGlucoseDay.m */; };
		D13D30B413AD4FE10041ECAC /* BloodPressure.m in Sources */ = {isa = PBXBuildFile; fileRef = D13D308E13AD4FE00041ECAC /* BloodPressure.m */; };
		D13D30B513AD4FE10041ECAC /* BloodPressureAddViewController.m in Sources */ = {isa = PBXBuildFile; fileRef = D13D309013AD4FE00041ECAC /* BloodPressureAddViewController.m */; };
		D13D30B613AD4FE10041ECAC /* BloodPressureDay.m in Sources */ = {isa = PBXBuildFile; fileRef = D13D309213AD4FE00041ECAC /* BloodPressureDay.m */; };
		D13D30B713AD4FE10041ECAC /* Exercise.m in Sources */ = {isa = PBXBuildFile; fileRef = D13D309413AD4FE00041ECAC /* Exercise.m */; };
		D13D30B813AD4FE10041ECAC /* ExerciseDetailViewController.m in Sources */ = {isa = PBXBuildFile; fileRef = D13D309613AD4FE00041ECAC /* ExerciseDetailViewController.m */; };
		D13D30B913AD4FE10041ECAC /* ExerciseItem.m in Sources */ = {isa = PBXBuildFile; fileRef = D13D309813AD4FE00041ECAC /* ExerciseItem.m */; };
		D13D30BA13AD4FE10041ECAC /* FoodItem.m in Sources */ = {isa = PBXBuildFile; fileRef = D13D309A13AD4FE00041ECAC /* FoodItem.m */; };
		D13D30BB13AD4FE10041ECAC /* GoalAddViewController.m in Sources */ = {isa = PBXBuildFile; fileRef = D13D309C13AD4FE00041ECAC /* GoalAddViewController.m */; };
		D13D30BC13AD4FE10041ECAC /* GoalDetailViewController.m in Sources */ = {isa = PBXBuildFile; fileRef = D13D309E13AD4FE00041ECAC /* GoalDetailViewController.m */; };
		D13D30BD13AD4FE10041ECAC /* GoalRec.m in Sources */ = {isa = PBXBuildFile; fileRef = D13D30A013AD4FE00041ECAC /* GoalRec.m */; };
		D13D30BE13AD4FE10041ECAC /* Meal.m in Sources */ = {isa = PBXBuildFile; fileRef = D13D30A213AD4FE00041ECAC /* Meal.m */; };
		D13D30BF13AD4FE10041ECAC /* MealDetailViewController.m in Sources */ = {isa = PBXBuildFile; fileRef = D13D30A413AD4FE00041ECAC /* MealDetailViewController.m */; };
		D13D30C013AD4FE10041ECAC /* Medicine.m in Sources */ = {isa = PBXBuildFile; fileRef = D13D30A613AD4FE00041ECAC /* Medicine.m */; };
		D13D30C113AD4FE10041ECAC /* MedicineDetailViewController.m in Sources */ = {isa = PBXBuildFile; fileRef = D13D30A813AD4FE00041ECAC /* MedicineDetailViewController.m */; };
		D13D30C213AD4FE10041ECAC /* RxItem.m in Sources */ = {isa = PBXBuildFile; fileRef = D13D30AA13AD4FE00041ECAC /* RxItem.m */; };
		D13D30C313AD4FE10041ECAC /* Vital.m in Sources */ = {isa = PBXBuildFile; fileRef = D13D30AC13AD4FE00041ECAC /* Vital.m */; };
		D13D30C413AD4FE10041ECAC /* VitalDetailViewController.m in Sources */ = {isa = PBXBuildFile; fileRef = D13D30AE13AD4FE00041ECAC /* VitalDetailViewController.m */; };
		D13D30C513AD4FE10041ECAC /* Weight.m in Sources */ = {isa = PBXBuildFile; fileRef = D13D30B013AD4FE10041ECAC /* Weight.m */; };
		D15F8488132DC3B4003BC3E5 /* GoalDetailView.xib in Resources */ = {isa = PBXBuildFile; fileRef = D15F8486132DC3B4003BC3E5 /* GoalDetailView.xib */; };
		D15F848F132DC3D9003BC3E5 /* VitalDetailView.xib in Resources */ = {isa = PBXBuildFile; fileRef = D15F848D132DC3D9003BC3E5 /* VitalDetailView.xib */; };
		D15F8496132DC3FC003BC3E5 /* MedicineDetailView.xib in Resources */ = {isa = PBXBuildFile; fileRef = D15F8494132DC3FC003BC3E5 /* MedicineDetailView.xib */; };
		D15F849D132DC40C003BC3E5 /* MealDetailView.xib in Resources */ = {isa = PBXBuildFile; fileRef = D15F849B132DC40C003BC3E5 /* MealDetailView.xib */; };
		D15F84A4132DC41D003BC3E5 /* ExerciseDetailView.xib in Resources */ = {isa = PBXBuildFile; fileRef = D15F84A2132DC41D003BC3E5 /* ExerciseDetailView.xib */; };
		D162A59A131741E500D6B1EC /* array.plist in Resources */ = {isa = PBXBuildFile; fileRef = D162A598131741E500D6B1EC /* array.plist */; };
		D162A59B131741E500D6B1EC /* subarray.plist in Resources */ = {isa = PBXBuildFile; fileRef = D162A599131741E500D6B1EC /* subarray.plist */; };
		D162A6C21319F80E00D6B1EC /* 77-ekg@2x.png in Resources */ = {isa = PBXBuildFile; fileRef = D162A6C01319F80E00D6B1EC /* 77-ekg@2x.png */; };
		D162A6C31319F80E00D6B1EC /* 85-trophy@2x.png in Resources */ = {isa = PBXBuildFile; fileRef = D162A6C11319F80E00D6B1EC /* 85-trophy@2x.png */; };
		D162A6CB1319F8C200D6B1EC /* 79-medical-bag@2x.png in Resources */ = {isa = PBXBuildFile; fileRef = D162A6CA1319F8C200D6B1EC /* 79-medical-bag@2x.png */; };
		D162A6DF1319F9C100D6B1EC /* 63-runner@2x.png in Resources */ = {isa = PBXBuildFile; fileRef = D162A6DE1319F9C100D6B1EC /* 63-runner@2x.png */; };
		D162A719131A03CC00D6B1EC /* 48-fork-and-knife@2x.png in Resources */ = {isa = PBXBuildFile; fileRef = D162A718131A03CC00D6B1EC /* 48-fork-and-knife@2x.png */; };
		D19EBAB112FE5C1B002763E4 /* RootViewController.xib in Resources */ = {isa = PBXBuildFile; fileRef = D19EBAB012FE5C1B002763E4 /* RootViewController.xib */; };
		D19EBB3012FF7434002763E4 /* ContextController.m in Sources */ = {isa = PBXBuildFile; fileRef = D19EBB2F12FF7434002763E4 /* ContextController.m */; };
		D19EBB3D12FF7514002763E4 /* ContextController.xib in Resources */ = {isa = PBXBuildFile; fileRef = D19EBB3C12FF7514002763E4 /* ContextController.xib */; };
		D1FC08BF1329368500863FE2 /* gear-ipad-icon.png in Resources */ = {isa = PBXBuildFile; fileRef = D1FC08BE1329368500863FE2 /* gear-ipad-icon.png */; };
		D1FF40951348E70C002E9BD3 /* GoalAddView.xib in Resources */ = {isa = PBXBuildFile; fileRef = D1FF40921348E70C002E9BD3 /* GoalAddView.xib */; };
		D1FF46141362530B002E9BD3 /* MedicineAddViewController.m in Sources */ = {isa = PBXBuildFile; fileRef = D1FF46121362530B002E9BD3 /* MedicineAddViewController.m */; };
		D1FF46151362530B002E9BD3 /* MedicineAddView.xib in Resources */ = {isa = PBXBuildFile; fileRef = D1FF46131362530B002E9BD3 /* MedicineAddView.xib */; };
		D1FF461B13625324002E9BD3 /* MealAddViewController.m in Sources */ = {isa = PBXBuildFile; fileRef = D1FF461913625324002E9BD3 /* MealAddViewController.m */; };
		D1FF461C13625324002E9BD3 /* MealAddView.xib in Resources */ = {isa = PBXBuildFile; fileRef = D1FF461A13625324002E9BD3 /* MealAddView.xib */; };
		D1FF462213625368002E9BD3 /* ExerciseAddViewController.m in Sources */ = {isa = PBXBuildFile; fileRef = D1FF462013625368002E9BD3 /* ExerciseAddViewController.m */; };
		D1FF462313625368002E9BD3 /* ExerciseAddView.xib in Resources */ = {isa = PBXBuildFile; fileRef = D1FF462113625368002E9BD3 /* ExerciseAddView.xib */; };
		D1FF462A136257B9002E9BD3 /* BloodGlucoseAddView.xib in Resources */ = {isa = PBXBuildFile; fileRef = D1FF4628136257B9002E9BD3 /* BloodGlucoseAddView.xib */; };
		D1FF4631136257D1002E9BD3 /* BloodPressureAddView.xib in Resources */ = {isa = PBXBuildFile; fileRef = D1FF462F136257D1002E9BD3 /* BloodPressureAddView.xib */; };
/* End PBXBuildFile section */

/* Begin PBXContainerItemProxy section */
		D13D307E13AD0BB40041ECAC /* PBXContainerItemProxy */ = {
			isa = PBXContainerItemProxy;
			containerPortal = 29B97313FDCFA39411CA2CEA /* Project object */;
			proxyType = 1;
			remoteGlobalIDString = 1D6058900D05DD3D006BFB54;
			remoteInfo = Machine;
		};
/* End PBXContainerItemProxy section */

/* Begin PBXFileReference section */
		1D30AB110D05D00D00671497 /* Foundation.framework */ = {isa = PBXFileReference; lastKnownFileType = wrapper.framework; name = Foundation.framework; path = System/Library/Frameworks/Foundation.framework; sourceTree = SDKROOT; };
		1D3623240D0F684500981E51 /* MachineAppDelegate.h */ = {isa = PBXFileReference; fileEncoding = 4; lastKnownFileType = sourcecode.c.h; path = MachineAppDelegate.h; sourceTree = "<group>"; };
		1D3623250D0F684500981E51 /* MachineAppDelegate.m */ = {isa = PBXFileReference; fileEncoding = 4; lastKnownFileType = sourcecode.c.objc; path = MachineAppDelegate.m; sourceTree = "<group>"; };
		1D6058910D05DD3D006BFB54 /* Machine.app */ = {isa = PBXFileReference; explicitFileType = wrapper.application; includeInIndex = 0; path = Machine.app; sourceTree = BUILT_PRODUCTS_DIR; };
		1DF5F4DF0D08C38300B7A737 /* UIKit.framework */ = {isa = PBXFileReference; lastKnownFileType = wrapper.framework; name = UIKit.framework; path = System/Library/Frameworks/UIKit.framework; sourceTree = SDKROOT; };
		28042007108E984D000629CD /* RootViewController.h */ = {isa = PBXFileReference; fileEncoding = 4; lastKnownFileType = sourcecode.c.h; path = RootViewController.h; sourceTree = "<group>"; };
		28042008108E984D000629CD /* RootViewController.m */ = {isa = PBXFileReference; fileEncoding = 4; lastKnownFileType = sourcecode.c.objc; path = RootViewController.m; sourceTree = "<group>"; };
		280420B3108E9F58000629CD /* Machine.xcdatamodel */ = {isa = PBXFileReference; fileEncoding = 4; lastKnownFileType = wrapper.xcdatamodel; path = Machine.xcdatamodel; sourceTree = "<group>"; };
		280420C0108EA07E000629CD /* CoreData.framework */ = {isa = PBXFileReference; lastKnownFileType = wrapper.framework; name = CoreData.framework; path = System/Library/Frameworks/CoreData.framework; sourceTree = SDKROOT; };
		2892E40F0DC94CBA00A64D0F /* CoreGraphics.framework */ = {isa = PBXFileReference; lastKnownFileType = wrapper.framework; name = CoreGraphics.framework; path = System/Library/Frameworks/CoreGraphics.framework; sourceTree = SDKROOT; };
		28A0AAE50D9B0CCF005BE974 /* Machine_Prefix.pch */ = {isa = PBXFileReference; fileEncoding = 4; lastKnownFileType = sourcecode.c.h; path = Machine_Prefix.pch; sourceTree = "<group>"; };
		28AD735F0D9D9599002E5188 /* MainWindow.xib */ = {isa = PBXFileReference; lastKnownFileType = file.xib; path = MainWindow.xib; sourceTree = "<group>"; };
		29B97316FDCFA39411CA2CEA /* main.m */ = {isa = PBXFileReference; fileEncoding = 4; lastKnownFileType = sourcecode.c.objc; path = main.m; sourceTree = "<group>"; };
		8D1107310486CEB800E47090 /* Machine-Info.plist */ = {isa = PBXFileReference; fileEncoding = 4; lastKnownFileType = text.plist.xml; path = "Machine-Info.plist"; plistStructureDefinitionIdentifier = "com.apple.xcode.plist.structure-definition.iphone.info-plist"; sourceTree = "<group>"; };
		D107ED7D138B4668003800DE /* TestBundle-Info.plist */ = {isa = PBXFileReference; lastKnownFileType = text.plist.xml; path = "TestBundle-Info.plist"; sourceTree = "<group>"; };
		D11707991308BCFD00144E07 /* Default-Landscape.png */ = {isa = PBXFileReference; lastKnownFileType = image.png; path = "Default-Landscape.png"; sourceTree = "<group>"; };
		D117079A1308BCFD00144E07 /* Default-LandscapeLeft.png */ = {isa = PBXFileReference; lastKnownFileType = image.png; path = "Default-LandscapeLeft.png"; sourceTree = "<group>"; };
		D117079B1308BCFD00144E07 /* Default-LandscapeRight.png */ = {isa = PBXFileReference; lastKnownFileType = image.png; path = "Default-LandscapeRight.png"; sourceTree = "<group>"; };
		D117079C1308BCFD00144E07 /* Default-Portrait.png */ = {isa = PBXFileReference; lastKnownFileType = image.png; path = "Default-Portrait.png"; sourceTree = "<group>"; };
		D117079D1308BCFD00144E07 /* Default-PortraitUpsideDown.png */ = {isa = PBXFileReference; lastKnownFileType = image.png; path = "Default-PortraitUpsideDown.png"; sourceTree = "<group>"; };
		D1205D0B13AC21FA00E346E5 /* Tests.app */ = {isa = PBXFileReference; explicitFileType = wrapper.application; includeInIndex = 0; path = Tests.app; sourceTree = BUILT_PRODUCTS_DIR; };
		D1205D1213AC21FA00E346E5 /* Tests-Info.plist */ = {isa = PBXFileReference; lastKnownFileType = text.plist.xml; path = "Tests-Info.plist"; sourceTree = "<group>"; };
		D1205D1413AC21FA00E346E5 /* en */ = {isa = PBXFileReference; lastKnownFileType = text.plist.strings; name = en; path = en.lproj/InfoPlist.strings; sourceTree = "<group>"; };
		D1205D1613AC21FA00E346E5 /* Tests-Prefix.pch */ = {isa = PBXFileReference; lastKnownFileType = sourcecode.c.h; path = "Tests-Prefix.pch"; sourceTree = "<group>"; };
		D1205D1713AC21FA00E346E5 /* GHUnitIOSTestMain.m */ = {isa = PBXFileReference; lastKnownFileType = sourcecode.c.objc; path = GHUnitIOSTestMain.m; sourceTree = "<group>"; };
		D1205D1913AC21FA00E346E5 /* TestsAppDelegate.h */ = {isa = PBXFileReference; lastKnownFileType = sourcecode.c.h; path = TestsAppDelegate.h; sourceTree = "<group>"; };
		D1205D1A13AC21FA00E346E5 /* TestsAppDelegate.m */ = {isa = PBXFileReference; lastKnownFileType = sourcecode.c.objc; path = TestsAppDelegate.m; sourceTree = "<group>"; };
		D1205D1D13AC21FA00E346E5 /* TestsAppDelegate_iPhone.h */ = {isa = PBXFileReference; lastKnownFileType = sourcecode.c.h; name = TestsAppDelegate_iPhone.h; path = iPhone/TestsAppDelegate_iPhone.h; sourceTree = "<group>"; };
		D1205D1E13AC21FA00E346E5 /* TestsAppDelegate_iPhone.m */ = {isa = PBXFileReference; lastKnownFileType = sourcecode.c.objc; name = TestsAppDelegate_iPhone.m; path = iPhone/TestsAppDelegate_iPhone.m; sourceTree = "<group>"; };
		D1205D2113AC21FA00E346E5 /* en */ = {isa = PBXFileReference; lastKnownFileType = file.xib; name = en; path = iPhone/en.lproj/MainWindow_iPhone.xib; sourceTree = "<group>"; };
		D1205D2413AC21FA00E346E5 /* TestsAppDelegate_iPad.h */ = {isa = PBXFileReference; lastKnownFileType = sourcecode.c.h; name = TestsAppDelegate_iPad.h; path = iPad/TestsAppDelegate_iPad.h; sourceTree = "<group>"; };
		D1205D2513AC21FA00E346E5 /* TestsAppDelegate_iPad.m */ = {isa = PBXFileReference; lastKnownFileType = sourcecode.c.objc; name = TestsAppDelegate_iPad.m; path = iPad/TestsAppDelegate_iPad.m; sourceTree = "<group>"; };
		D1205D2813AC21FA00E346E5 /* en */ = {isa = PBXFileReference; lastKnownFileType = file.xib; name = en; path = iPad/en.lproj/MainWindow_iPad.xib; sourceTree = "<group>"; };
		D1218B9D13AD091E00231688 /* README */ = {isa = PBXFileReference; fileEncoding = 4; lastKnownFileType = text; path = README; sourceTree = "<group>"; };
		D13D307A13AD0B7F0041ECAC /* GHUnitIOS.framework */ = {isa = PBXFileReference; lastKnownFileType = wrapper.framework; name = GHUnitIOS.framework; path = ../../../../Frameworks/GHUnitIOS.framework; sourceTree = "<group>"; };
		D13D308213AD23F80041ECAC /* SampleTests.m */ = {isa = PBXFileReference; fileEncoding = 4; lastKnownFileType = sourcecode.c.objc; path = SampleTests.m; sourceTree = "<group>"; };
		D13D308413AD4E2B0041ECAC /* Goal.h */ = {isa = PBXFileReference; fileEncoding = 4; lastKnownFileType = sourcecode.c.h; path = Goal.h; sourceTree = "<group>"; };
		D13D308513AD4E2B0041ECAC /* Goal.m */ = {isa = PBXFileReference; fileEncoding = 4; lastKnownFileType = sourcecode.c.objc; path = Goal.m; sourceTree = "<group>"; };
		D13D308713AD4FE00041ECAC /* BloodGlucose.h */ = {isa = PBXFileReference; fileEncoding = 4; lastKnownFileType = sourcecode.c.h; path = BloodGlucose.h; sourceTree = "<group>"; };
		D13D308813AD4FE00041ECAC /* BloodGlucose.m */ = {isa = PBXFileReference; fileEncoding = 4; lastKnownFileType = sourcecode.c.objc; path = BloodGlucose.m; sourceTree = "<group>"; };
		D13D308913AD4FE00041ECAC /* BloodGlucoseAddViewController.h */ = {isa = PBXFileReference; fileEncoding = 4; lastKnownFileType = sourcecode.c.h; path = BloodGlucoseAddViewController.h; sourceTree = "<group>"; };
		D13D308A13AD4FE00041ECAC /* BloodGlucoseAddViewController.m */ = {isa = PBXFileReference; fileEncoding = 4; lastKnownFileType = sourcecode.c.objc; path = BloodGlucoseAddViewController.m; sourceTree = "<group>"; };
		D13D308B13AD4FE00041ECAC /* BloodGlucoseDay.h */ = {isa = PBXFileReference; fileEncoding = 4; lastKnownFileType = sourcecode.c.h; path = BloodGlucoseDay.h; sourceTree = "<group>"; };
		D13D308C13AD4FE00041ECAC /* BloodGlucoseDay.m */ = {isa = PBXFileReference; fileEncoding = 4; lastKnownFileType = sourcecode.c.objc; path = BloodGlucoseDay.m; sourceTree = "<group>"; };
		D13D308D13AD4FE00041ECAC /* BloodPressure.h */ = {isa = PBXFileReference; fileEncoding = 4; lastKnownFileType = sourcecode.c.h; path = BloodPressure.h; sourceTree = "<group>"; };
		D13D308E13AD4FE00041ECAC /* BloodPressure.m */ = {isa = PBXFileReference; fileEncoding = 4; lastKnownFileType = sourcecode.c.objc; path = BloodPressure.m; sourceTree = "<group>"; };
		D13D308F13AD4FE00041ECAC /* BloodPressureAddViewController.h */ = {isa = PBXFileReference; fileEncoding = 4; lastKnownFileType = sourcecode.c.h; path = BloodPressureAddViewController.h; sourceTree = "<group>"; };
		D13D309013AD4FE00041ECAC /* BloodPressureAddViewController.m */ = {isa = PBXFileReference; fileEncoding = 4; lastKnownFileType = sourcecode.c.objc; path = BloodPressureAddViewController.m; sourceTree = "<group>"; };
		D13D309113AD4FE00041ECAC /* BloodPressureDay.h */ = {isa = PBXFileReference; fileEncoding = 4; lastKnownFileType = sourcecode.c.h; path = BloodPressureDay.h; sourceTree = "<group>"; };
		D13D309213AD4FE00041ECAC /* BloodPressureDay.m */ = {isa = PBXFileReference; fileEncoding = 4; lastKnownFileType = sourcecode.c.objc; path = BloodPressureDay.m; sourceTree = "<group>"; };
		D13D309313AD4FE00041ECAC /* Exercise.h */ = {isa = PBXFileReference; fileEncoding = 4; lastKnownFileType = sourcecode.c.h; path = Exercise.h; sourceTree = "<group>"; };
		D13D309413AD4FE00041ECAC /* Exercise.m */ = {isa = PBXFileReference; fileEncoding = 4; lastKnownFileType = sourcecode.c.objc; path = Exercise.m; sourceTree = "<group>"; };
		D13D309513AD4FE00041ECAC /* ExerciseDetailViewController.h */ = {isa = PBXFileReference; fileEncoding = 4; lastKnownFileType = sourcecode.c.h; path = ExerciseDetailViewController.h; sourceTree = "<group>"; };
		D13D309613AD4FE00041ECAC /* ExerciseDetailViewController.m */ = {isa = PBXFileReference; fileEncoding = 4; lastKnownFileType = sourcecode.c.objc; path = ExerciseDetailViewController.m; sourceTree = "<group>"; };
		D13D309713AD4FE00041ECAC /* ExerciseItem.h */ = {isa = PBXFileReference; fileEncoding = 4; lastKnownFileType = sourcecode.c.h; path = ExerciseItem.h; sourceTree = "<group>"; };
		D13D309813AD4FE00041ECAC /* ExerciseItem.m */ = {isa = PBXFileReference; fileEncoding = 4; lastKnownFileType = sourcecode.c.objc; path = ExerciseItem.m; sourceTree = "<group>"; };
		D13D309913AD4FE00041ECAC /* FoodItem.h */ = {isa = PBXFileReference; fileEncoding = 4; lastKnownFileType = sourcecode.c.h; path = FoodItem.h; sourceTree = "<group>"; };
		D13D309A13AD4FE00041ECAC /* FoodItem.m */ = {isa = PBXFileReference; fileEncoding = 4; lastKnownFileType = sourcecode.c.objc; path = FoodItem.m; sourceTree = "<group>"; };
		D13D309B13AD4FE00041ECAC /* GoalAddViewController.h */ = {isa = PBXFileReference; fileEncoding = 4; lastKnownFileType = sourcecode.c.h; path = GoalAddViewController.h; sourceTree = "<group>"; };
		D13D309C13AD4FE00041ECAC /* GoalAddViewController.m */ = {isa = PBXFileReference; fileEncoding = 4; lastKnownFileType = sourcecode.c.objc; path = GoalAddViewController.m; sourceTree = "<group>"; };
		D13D309D13AD4FE00041ECAC /* GoalDetailViewController.h */ = {isa = PBXFileReference; fileEncoding = 4; lastKnownFileType = sourcecode.c.h; path = GoalDetailViewController.h; sourceTree = "<group>"; };
		D13D309E13AD4FE00041ECAC /* GoalDetailViewController.m */ = {isa = PBXFileReference; fileEncoding = 4; lastKnownFileType = sourcecode.c.objc; path = GoalDetailViewController.m; sourceTree = "<group>"; };
		D13D309F13AD4FE00041ECAC /* GoalRec.h */ = {isa = PBXFileReference; fileEncoding = 4; lastKnownFileType = sourcecode.c.h; path = GoalRec.h; sourceTree = "<group>"; };
		D13D30A013AD4FE00041ECAC /* GoalRec.m */ = {isa = PBXFileReference; fileEncoding = 4; lastKnownFileType = sourcecode.c.objc; path = GoalRec.m; sourceTree = "<group>"; };
		D13D30A113AD4FE00041ECAC /* Meal.h */ = {isa = PBXFileReference; fileEncoding = 4; lastKnownFileType = sourcecode.c.h; path = Meal.h; sourceTree = "<group>"; };
		D13D30A213AD4FE00041ECAC /* Meal.m */ = {isa = PBXFileReference; fileEncoding = 4; lastKnownFileType = sourcecode.c.objc; path = Meal.m; sourceTree = "<group>"; };
		D13D30A313AD4FE00041ECAC /* MealDetailViewController.h */ = {isa = PBXFileReference; fileEncoding = 4; lastKnownFileType = sourcecode.c.h; path = MealDetailViewController.h; sourceTree = "<group>"; };
		D13D30A413AD4FE00041ECAC /* MealDetailViewController.m */ = {isa = PBXFileReference; fileEncoding = 4; lastKnownFileType = sourcecode.c.objc; path = MealDetailViewController.m; sourceTree = "<group>"; };
		D13D30A513AD4FE00041ECAC /* Medicine.h */ = {isa = PBXFileReference; fileEncoding = 4; lastKnownFileType = sourcecode.c.h; path = Medicine.h; sourceTree = "<group>"; };
		D13D30A613AD4FE00041ECAC /* Medicine.m */ = {isa = PBXFileReference; fileEncoding = 4; lastKnownFileType = sourcecode.c.objc; path = Medicine.m; sourceTree = "<group>"; };
		D13D30A713AD4FE00041ECAC /* MedicineDetailViewController.h */ = {isa = PBXFileReference; fileEncoding = 4; lastKnownFileType = sourcecode.c.h; path = MedicineDetailViewController.h; sourceTree = "<group>"; };
		D13D30A813AD4FE00041ECAC /* MedicineDetailViewController.m */ = {isa = PBXFileReference; fileEncoding = 4; lastKnownFileType = sourcecode.c.objc; path = MedicineDetailViewController.m; sourceTree = "<group>"; };
		D13D30A913AD4FE00041ECAC /* RxItem.h */ = {isa = PBXFileReference; fileEncoding = 4; lastKnownFileType = sourcecode.c.h; path = RxItem.h; sourceTree = "<group>"; };
		D13D30AA13AD4FE00041ECAC /* RxItem.m */ = {isa = PBXFileReference; fileEncoding = 4; lastKnownFileType = sourcecode.c.objc; path = RxItem.m; sourceTree = "<group>"; };
		D13D30AB13AD4FE00041ECAC /* Vital.h */ = {isa = PBXFileReference; fileEncoding = 4; lastKnownFileType = sourcecode.c.h; path = Vital.h; sourceTree = "<group>"; };
		D13D30AC13AD4FE00041ECAC /* Vital.m */ = {isa = PBXFileReference; fileEncoding = 4; lastKnownFileType = sourcecode.c.objc; path = Vital.m; sourceTree = "<group>"; };
		D13D30AD13AD4FE00041ECAC /* VitalDetailViewController.h */ = {isa = PBXFileReference; fileEncoding = 4; lastKnownFileType = sourcecode.c.h; path = VitalDetailViewController.h; sourceTree = "<group>"; };
		D13D30AE13AD4FE00041ECAC /* VitalDetailViewController.m */ = {isa = PBXFileReference; fileEncoding = 4; lastKnownFileType = sourcecode.c.objc; path = VitalDetailViewController.m; sourceTree = "<group>"; };
		D13D30AF13AD4FE10041ECAC /* Weight.h */ = {isa = PBXFileReference; fileEncoding = 4; lastKnownFileType = sourcecode.c.h; path = Weight.h; sourceTree = "<group>"; };
		D13D30B013AD4FE10041ECAC /* Weight.m */ = {isa = PBXFileReference; fileEncoding = 4; lastKnownFileType = sourcecode.c.objc; path = Weight.m; sourceTree = "<group>"; };
		D15F8486132DC3B4003BC3E5 /* GoalDetailView.xib */ = {isa = PBXFileReference; lastKnownFileType = file.xib; path = GoalDetailView.xib; sourceTree = "<group>"; };
		D15F848D132DC3D9003BC3E5 /* VitalDetailView.xib */ = {isa = PBXFileReference; lastKnownFileType = file.xib; path = VitalDetailView.xib; sourceTree = "<group>"; };
		D15F8494132DC3FC003BC3E5 /* MedicineDetailView.xib */ = {isa = PBXFileReference; lastKnownFileType = file.xib; path = MedicineDetailView.xib; sourceTree = "<group>"; };
		D15F849B132DC40C003BC3E5 /* MealDetailView.xib */ = {isa = PBXFileReference; lastKnownFileType = file.xib; path = MealDetailView.xib; sourceTree = "<group>"; };
		D15F84A2132DC41D003BC3E5 /* ExerciseDetailView.xib */ = {isa = PBXFileReference; lastKnownFileType = file.xib; path = ExerciseDetailView.xib; sourceTree = "<group>"; };
		D162A598131741E500D6B1EC /* array.plist */ = {isa = PBXFileReference; fileEncoding = 4; lastKnownFileType = text.plist.xml; path = array.plist; sourceTree = "<group>"; };
		D162A599131741E500D6B1EC /* subarray.plist */ = {isa = PBXFileReference; fileEncoding = 4; lastKnownFileType = text.plist.xml; path = subarray.plist; sourceTree = "<group>"; };
		D162A6C01319F80E00D6B1EC /* 77-ekg@2x.png */ = {isa = PBXFileReference; lastKnownFileType = image.png; path = "77-ekg@2x.png"; sourceTree = "<group>"; };
		D162A6C11319F80E00D6B1EC /* 85-trophy@2x.png */ = {isa = PBXFileReference; lastKnownFileType = image.png; path = "85-trophy@2x.png"; sourceTree = "<group>"; };
		D162A6CA1319F8C200D6B1EC /* 79-medical-bag@2x.png */ = {isa = PBXFileReference; lastKnownFileType = image.png; path = "79-medical-bag@2x.png"; sourceTree = "<group>"; };
		D162A6DE1319F9C100D6B1EC /* 63-runner@2x.png */ = {isa = PBXFileReference; lastKnownFileType = image.png; path = "63-runner@2x.png"; sourceTree = "<group>"; };
		D162A718131A03CC00D6B1EC /* 48-fork-and-knife@2x.png */ = {isa = PBXFileReference; lastKnownFileType = image.png; path = "48-fork-and-knife@2x.png"; sourceTree = "<group>"; };
		D19EBAB012FE5C1B002763E4 /* RootViewController.xib */ = {isa = PBXFileReference; lastKnownFileType = file.xib; path = RootViewController.xib; sourceTree = "<group>"; };
		D19EBB2E12FF7434002763E4 /* ContextController.h */ = {isa = PBXFileReference; fileEncoding = 4; lastKnownFileType = sourcecode.c.h; path = ContextController.h; sourceTree = "<group>"; };
		D19EBB2F12FF7434002763E4 /* ContextController.m */ = {isa = PBXFileReference; fileEncoding = 4; lastKnownFileType = sourcecode.c.objc; path = ContextController.m; sourceTree = "<group>"; };
		D19EBB3C12FF7514002763E4 /* ContextController.xib */ = {isa = PBXFileReference; lastKnownFileType = file.xib; path = ContextController.xib; sourceTree = "<group>"; };
		D1FC08BE1329368500863FE2 /* gear-ipad-icon.png */ = {isa = PBXFileReference; lastKnownFileType = image.png; path = "gear-ipad-icon.png"; sourceTree = "<group>"; };
		D1FF40921348E70C002E9BD3 /* GoalAddView.xib */ = {isa = PBXFileReference; lastKnownFileType = file.xib; path = GoalAddView.xib; sourceTree = "<group>"; };
		D1FF46111362530B002E9BD3 /* MedicineAddViewController.h */ = {isa = PBXFileReference; fileEncoding = 4; lastKnownFileType = sourcecode.c.h; path = MedicineAddViewController.h; sourceTree = "<group>"; };
		D1FF46121362530B002E9BD3 /* MedicineAddViewController.m */ = {isa = PBXFileReference; fileEncoding = 4; lastKnownFileType = sourcecode.c.objc; path = MedicineAddViewController.m; sourceTree = "<group>"; };
		D1FF46131362530B002E9BD3 /* MedicineAddView.xib */ = {isa = PBXFileReference; lastKnownFileType = file.xib; name = MedicineAddView.xib; path = Classes/MedicineAddView.xib; sourceTree = "<group>"; };
		D1FF461813625324002E9BD3 /* MealAddViewController.h */ = {isa = PBXFileReference; fileEncoding = 4; lastKnownFileType = sourcecode.c.h; path = MealAddViewController.h; sourceTree = "<group>"; };
		D1FF461913625324002E9BD3 /* MealAddViewController.m */ = {isa = PBXFileReference; fileEncoding = 4; lastKnownFileType = sourcecode.c.objc; path = MealAddViewController.m; sourceTree = "<group>"; };
		D1FF461A13625324002E9BD3 /* MealAddView.xib */ = {isa = PBXFileReference; lastKnownFileType = file.xib; name = MealAddView.xib; path = Classes/MealAddView.xib; sourceTree = "<group>"; };
		D1FF461F13625368002E9BD3 /* ExerciseAddViewController.h */ = {isa = PBXFileReference; fileEncoding = 4; lastKnownFileType = sourcecode.c.h; path = ExerciseAddViewController.h; sourceTree = "<group>"; };
		D1FF462013625368002E9BD3 /* ExerciseAddViewController.m */ = {isa = PBXFileReference; fileEncoding = 4; lastKnownFileType = sourcecode.c.objc; path = ExerciseAddViewController.m; sourceTree = "<group>"; };
		D1FF462113625368002E9BD3 /* ExerciseAddView.xib */ = {isa = PBXFileReference; lastKnownFileType = file.xib; name = ExerciseAddView.xib; path = Classes/ExerciseAddView.xib; sourceTree = "<group>"; };
		D1FF4628136257B9002E9BD3 /* BloodGlucoseAddView.xib */ = {isa = PBXFileReference; lastKnownFileType = file.xib; path = BloodGlucoseAddView.xib; sourceTree = "<group>"; };
		D1FF462F136257D1002E9BD3 /* BloodPressureAddView.xib */ = {isa = PBXFileReference; lastKnownFileType = file.xib; path = BloodPressureAddView.xib; sourceTree = "<group>"; };
/* End PBXFileReference section */

/* Begin PBXFrameworksBuildPhase section */
		1D60588F0D05DD3D006BFB54 /* Frameworks */ = {
			isa = PBXFrameworksBuildPhase;
			buildActionMask = 2147483647;
			files = (
				1D60589F0D05DD5A006BFB54 /* Foundation.framework in Frameworks */,
				1DF5F4E00D08C38300B7A737 /* UIKit.framework in Frameworks */,
				2892E4100DC94CBA00A64D0F /* CoreGraphics.framework in Frameworks */,
				280420C1108EA07E000629CD /* CoreData.framework in Frameworks */,
			);
			runOnlyForDeploymentPostprocessing = 0;
		};
		D1205D0813AC21FA00E346E5 /* Frameworks */ = {
			isa = PBXFrameworksBuildPhase;
			buildActionMask = 2147483647;
			files = (
				D13D307B13AD0B7F0041ECAC /* GHUnitIOS.framework in Frameworks */,
				D1205D0D13AC21FA00E346E5 /* UIKit.framework in Frameworks */,
				D1205D0E13AC21FA00E346E5 /* Foundation.framework in Frameworks */,
				D1205D0F13AC21FA00E346E5 /* CoreGraphics.framework in Frameworks */,
			);
			runOnlyForDeploymentPostprocessing = 0;
		};
/* End PBXFrameworksBuildPhase section */

/* Begin PBXGroup section */
		080E96DDFE201D6D7F000001 /* Classes */ = {
			isa = PBXGroup;
			children = (
				D13D308713AD4FE00041ECAC /* BloodGlucose.h */,
				D13D308813AD4FE00041ECAC /* BloodGlucose.m */,
				D13D308913AD4FE00041ECAC /* BloodGlucoseAddViewController.h */,
				D13D308A13AD4FE00041ECAC /* BloodGlucoseAddViewController.m */,
				D13D308B13AD4FE00041ECAC /* BloodGlucoseDay.h */,
				D13D308C13AD4FE00041ECAC /* BloodGlucoseDay.m */,
				D13D308D13AD4FE00041ECAC /* BloodPressure.h */,
				D13D308E13AD4FE00041ECAC /* BloodPressure.m */,
				D13D308F13AD4FE00041ECAC /* BloodPressureAddViewController.h */,
				D13D309013AD4FE00041ECAC /* BloodPressureAddViewController.m */,
				D13D309113AD4FE00041ECAC /* BloodPressureDay.h */,
				D13D309213AD4FE00041ECAC /* BloodPressureDay.m */,
				D13D309313AD4FE00041ECAC /* Exercise.h */,
				D13D309413AD4FE00041ECAC /* Exercise.m */,
				D13D309513AD4FE00041ECAC /* ExerciseDetailViewController.h */,
				D13D309613AD4FE00041ECAC /* ExerciseDetailViewController.m */,
				D13D309713AD4FE00041ECAC /* ExerciseItem.h */,
				D13D309813AD4FE00041ECAC /* ExerciseItem.m */,
				D13D309913AD4FE00041ECAC /* FoodItem.h */,
				D13D309A13AD4FE00041ECAC /* FoodItem.m */,
				D13D309B13AD4FE00041ECAC /* GoalAddViewController.h */,
				D13D309C13AD4FE00041ECAC /* GoalAddViewController.m */,
				D13D309D13AD4FE00041ECAC /* GoalDetailViewController.h */,
				D13D309E13AD4FE00041ECAC /* GoalDetailViewController.m */,
				D13D309F13AD4FE00041ECAC /* GoalRec.h */,
				D13D30A013AD4FE00041ECAC /* GoalRec.m */,
				D13D30A113AD4FE00041ECAC /* Meal.h */,
				D13D30A213AD4FE00041ECAC /* Meal.m */,
				D13D30A313AD4FE00041ECAC /* MealDetailViewController.h */,
				D13D30A413AD4FE00041ECAC /* MealDetailViewController.m */,
				D13D30A513AD4FE00041ECAC /* Medicine.h */,
				D13D30A613AD4FE00041ECAC /* Medicine.m */,
				D13D30A713AD4FE00041ECAC /* MedicineDetailViewController.h */,
				D13D30A813AD4FE00041ECAC /* MedicineDetailViewController.m */,
				D13D30A913AD4FE00041ECAC /* RxItem.h */,
				D13D30AA13AD4FE00041ECAC /* RxItem.m */,
				D13D30AB13AD4FE00041ECAC /* Vital.h */,
				D13D30AC13AD4FE00041ECAC /* Vital.m */,
				D13D30AD13AD4FE00041ECAC /* VitalDetailViewController.h */,
				D13D30AE13AD4FE00041ECAC /* VitalDetailViewController.m */,
				D13D30AF13AD4FE10041ECAC /* Weight.h */,
				D13D30B013AD4FE10041ECAC /* Weight.m */,
				D13D308413AD4E2B0041ECAC /* Goal.h */,
				D13D308513AD4E2B0041ECAC /* Goal.m */,
				D1FF46111362530B002E9BD3 /* MedicineAddViewController.h */,
				D1FF46121362530B002E9BD3 /* MedicineAddViewController.m */,
				D1FF461813625324002E9BD3 /* MealAddViewController.h */,
				D1FF461913625324002E9BD3 /* MealAddViewController.m */,
				D1FF461F13625368002E9BD3 /* ExerciseAddViewController.h */,
				D1FF462013625368002E9BD3 /* ExerciseAddViewController.m */,
				D19EBB2E12FF7434002763E4 /* ContextController.h */,
				D19EBB2F12FF7434002763E4 /* ContextController.m */,
				1D3623240D0F684500981E51 /* MachineAppDelegate.h */,
				1D3623250D0F684500981E51 /* MachineAppDelegate.m */,
				28042007108E984D000629CD /* RootViewController.h */,
				28042008108E984D000629CD /* RootViewController.m */,
			);
			path = Classes;
			sourceTree = "<group>";
		};
		19C28FACFE9D520D11CA2CBB /* Products */ = {
			isa = PBXGroup;
			children = (
				1D6058910D05DD3D006BFB54 /* Machine.app */,
				D1205D0B13AC21FA00E346E5 /* Tests.app */,
			);
			name = Products;
			sourceTree = "<group>";
		};
		29B97314FDCFA39411CA2CEA /* CustomTemplate */ = {
			isa = PBXGroup;
			children = (
				D13D307A13AD0B7F0041ECAC /* GHUnitIOS.framework */,
				D1218B9D13AD091E00231688 /* README */,
				080E96DDFE201D6D7F000001 /* Classes */,
				29B97315FDCFA39411CA2CEA /* Other Sources */,
				29B97317FDCFA39411CA2CEA /* Resources */,
				D1205D1013AC21FA00E346E5 /* Tests */,
				29B97323FDCFA39411CA2CEA /* Frameworks */,
				19C28FACFE9D520D11CA2CBB /* Products */,
				D107ED7D138B4668003800DE /* TestBundle-Info.plist */,
			);
			name = CustomTemplate;
			sourceTree = "<group>";
		};
		29B97315FDCFA39411CA2CEA /* Other Sources */ = {
			isa = PBXGroup;
			children = (
				28A0AAE50D9B0CCF005BE974 /* Machine_Prefix.pch */,
				29B97316FDCFA39411CA2CEA /* main.m */,
			);
			name = "Other Sources";
			sourceTree = "<group>";
		};
		29B97317FDCFA39411CA2CEA /* Resources */ = {
			isa = PBXGroup;
			children = (
				D1FF4628136257B9002E9BD3 /* BloodGlucoseAddView.xib */,
				D1FF462F136257D1002E9BD3 /* BloodPressureAddView.xib */,
				D1FF462113625368002E9BD3 /* ExerciseAddView.xib */,
				D1FF461A13625324002E9BD3 /* MealAddView.xib */,
				D1FF46131362530B002E9BD3 /* MedicineAddView.xib */,
				D1FF40921348E70C002E9BD3 /* GoalAddView.xib */,
				D15F8486132DC3B4003BC3E5 /* GoalDetailView.xib */,
				D15F84A2132DC41D003BC3E5 /* ExerciseDetailView.xib */,
				D15F849B132DC40C003BC3E5 /* MealDetailView.xib */,
				D15F8494132DC3FC003BC3E5 /* MedicineDetailView.xib */,
				D15F848D132DC3D9003BC3E5 /* VitalDetailView.xib */,
				D1FC08BE1329368500863FE2 /* gear-ipad-icon.png */,
				D162A718131A03CC00D6B1EC /* 48-fork-and-knife@2x.png */,
				D162A6DE1319F9C100D6B1EC /* 63-runner@2x.png */,
				D162A6CA1319F8C200D6B1EC /* 79-medical-bag@2x.png */,
				D162A6C01319F80E00D6B1EC /* 77-ekg@2x.png */,
				D162A6C11319F80E00D6B1EC /* 85-trophy@2x.png */,
				D162A598131741E500D6B1EC /* array.plist */,
				D162A599131741E500D6B1EC /* subarray.plist */,
				D19EBB3C12FF7514002763E4 /* ContextController.xib */,
				D19EBAB012FE5C1B002763E4 /* RootViewController.xib */,
				2819300D112F7FA900ECF9B4 /* Machine.xcdatamodeld */,
				28AD735F0D9D9599002E5188 /* MainWindow.xib */,
				8D1107310486CEB800E47090 /* Machine-Info.plist */,
				D11707991308BCFD00144E07 /* Default-Landscape.png */,
				D117079A1308BCFD00144E07 /* Default-LandscapeLeft.png */,
				D117079B1308BCFD00144E07 /* Default-LandscapeRight.png */,
				D117079C1308BCFD00144E07 /* Default-Portrait.png */,
				D117079D1308BCFD00144E07 /* Default-PortraitUpsideDown.png */,
			);
			name = Resources;
			sourceTree = "<group>";
		};
		29B97323FDCFA39411CA2CEA /* Frameworks */ = {
			isa = PBXGroup;
			children = (
				1DF5F4DF0D08C38300B7A737 /* UIKit.framework */,
				1D30AB110D05D00D00671497 /* Foundation.framework */,
				2892E40F0DC94CBA00A64D0F /* CoreGraphics.framework */,
				280420C0108EA07E000629CD /* CoreData.framework */,
			);
			name = Frameworks;
			sourceTree = "<group>";
		};
		D1205D1013AC21FA00E346E5 /* Tests */ = {
			isa = PBXGroup;
			children = (
				D13D308213AD23F80041ECAC /* SampleTests.m */,
				D1205D1913AC21FA00E346E5 /* TestsAppDelegate.h */,
				D1205D1A13AC21FA00E346E5 /* TestsAppDelegate.m */,
				D1205D1C13AC21FA00E346E5 /* iPhone */,
				D1205D2313AC21FA00E346E5 /* iPad */,
				D1205D1113AC21FA00E346E5 /* Supporting Files */,
			);
			path = Tests;
			sourceTree = "<group>";
		};
		D1205D1113AC21FA00E346E5 /* Supporting Files */ = {
			isa = PBXGroup;
			children = (
				D1205D1213AC21FA00E346E5 /* Tests-Info.plist */,
				D1205D1313AC21FA00E346E5 /* InfoPlist.strings */,
				D1205D1613AC21FA00E346E5 /* Tests-Prefix.pch */,
				D1205D1713AC21FA00E346E5 /* GHUnitIOSTestMain.m */,
			);
			name = "Supporting Files";
			sourceTree = "<group>";
		};
		D1205D1C13AC21FA00E346E5 /* iPhone */ = {
			isa = PBXGroup;
			children = (
				D1205D1D13AC21FA00E346E5 /* TestsAppDelegate_iPhone.h */,
				D1205D1E13AC21FA00E346E5 /* TestsAppDelegate_iPhone.m */,
				D1205D2013AC21FA00E346E5 /* MainWindow_iPhone.xib */,
			);
			name = iPhone;
			sourceTree = "<group>";
		};
		D1205D2313AC21FA00E346E5 /* iPad */ = {
			isa = PBXGroup;
			children = (
				D1205D2413AC21FA00E346E5 /* TestsAppDelegate_iPad.h */,
				D1205D2513AC21FA00E346E5 /* TestsAppDelegate_iPad.m */,
				D1205D2713AC21FA00E346E5 /* MainWindow_iPad.xib */,
			);
			name = iPad;
			sourceTree = "<group>";
		};
/* End PBXGroup section */

/* Begin PBXNativeTarget section */
		1D6058900D05DD3D006BFB54 /* Machine */ = {
			isa = PBXNativeTarget;
			buildConfigurationList = 1D6058960D05DD3E006BFB54 /* Build configuration list for PBXNativeTarget "Machine" */;
			buildPhases = (
				1D60588D0D05DD3D006BFB54 /* Resources */,
				1D60588E0D05DD3D006BFB54 /* Sources */,
				1D60588F0D05DD3D006BFB54 /* Frameworks */,
			);
			buildRules = (
			);
			dependencies = (
			);
			name = Machine;
			productName = Punch;
			productReference = 1D6058910D05DD3D006BFB54 /* Machine.app */;
			productType = "com.apple.product-type.application";
		};
		D1205D0A13AC21FA00E346E5 /* Tests */ = {
			isa = PBXNativeTarget;
			buildConfigurationList = D1205D2A13AC21FA00E346E5 /* Build configuration list for PBXNativeTarget "Tests" */;
			buildPhases = (
				D1205D0713AC21FA00E346E5 /* Sources */,
				D1205D0813AC21FA00E346E5 /* Frameworks */,
				D1205D0913AC21FA00E346E5 /* Resources */,
			);
			buildRules = (
			);
			dependencies = (
				D13D307F13AD0BB40041ECAC /* PBXTargetDependency */,
			);
			name = Tests;
			productName = Tests;
			productReference = D1205D0B13AC21FA00E346E5 /* Tests.app */;
			productType = "com.apple.product-type.application";
		};
/* End PBXNativeTarget section */

/* Begin PBXProject section */
		29B97313FDCFA39411CA2CEA /* Project object */ = {
			isa = PBXProject;
			buildConfigurationList = C01FCF4E08A954540054247B /* Build configuration list for PBXProject "Machine" */;
			compatibilityVersion = "Xcode 3.2";
			developmentRegion = English;
			hasScannedForEncodings = 1;
			knownRegions = (
				English,
				Japanese,
				French,
				German,
				en,
			);
			mainGroup = 29B97314FDCFA39411CA2CEA /* CustomTemplate */;
			projectDirPath = "";
			projectRoot = "";
			targets = (
				1D6058900D05DD3D006BFB54 /* Machine */,
				D1205D0A13AC21FA00E346E5 /* Tests */,
			);
		};
/* End PBXProject section */

/* Begin PBXResourcesBuildPhase section */
		1D60588D0D05DD3D006BFB54 /* Resources */ = {
			isa = PBXResourcesBuildPhase;
			buildActionMask = 2147483647;
			files = (
				28AD73600D9D9599002E5188 /* MainWindow.xib in Resources */,
				D19EBAB112FE5C1B002763E4 /* RootViewController.xib in Resources */,
				D19EBB3D12FF7514002763E4 /* ContextController.xib in Resources */,
				D117079E1308BCFD00144E07 /* Default-Landscape.png in Resources */,
				D117079F1308BCFD00144E07 /* Default-LandscapeLeft.png in Resources */,
				D11707A01308BCFD00144E07 /* Default-LandscapeRight.png in Resources */,
				D11707A11308BCFD00144E07 /* Default-Portrait.png in Resources */,
				D11707A21308BCFD00144E07 /* Default-PortraitUpsideDown.png in Resources */,
				D162A59A131741E500D6B1EC /* array.plist in Resources */,
				D162A59B131741E500D6B1EC /* subarray.plist in Resources */,
				D162A6C21319F80E00D6B1EC /* 77-ekg@2x.png in Resources */,
				D162A6C31319F80E00D6B1EC /* 85-trophy@2x.png in Resources */,
				D162A6CB1319F8C200D6B1EC /* 79-medical-bag@2x.png in Resources */,
				D162A6DF1319F9C100D6B1EC /* 63-runner@2x.png in Resources */,
				D162A719131A03CC00D6B1EC /* 48-fork-and-knife@2x.png in Resources */,
				D1FC08BF1329368500863FE2 /* gear-ipad-icon.png in Resources */,
				D15F8488132DC3B4003BC3E5 /* GoalDetailView.xib in Resources */,
				D15F848F132DC3D9003BC3E5 /* VitalDetailView.xib in Resources */,
				D15F8496132DC3FC003BC3E5 /* MedicineDetailView.xib in Resources */,
				D15F849D132DC40C003BC3E5 /* MealDetailView.xib in Resources */,
				D15F84A4132DC41D003BC3E5 /* ExerciseDetailView.xib in Resources */,
				D1FF40951348E70C002E9BD3 /* GoalAddView.xib in Resources */,
				D1FF46151362530B002E9BD3 /* MedicineAddView.xib in Resources */,
				D1FF461C13625324002E9BD3 /* MealAddView.xib in Resources */,
				D1FF462313625368002E9BD3 /* ExerciseAddView.xib in Resources */,
				D1FF462A136257B9002E9BD3 /* BloodGlucoseAddView.xib in Resources */,
				D1FF4631136257D1002E9BD3 /* BloodPressureAddView.xib in Resources */,
				D1218B9E13AD091E00231688 /* README in Resources */,
			);
			runOnlyForDeploymentPostprocessing = 0;
		};
		D1205D0913AC21FA00E346E5 /* Resources */ = {
			isa = PBXResourcesBuildPhase;
			buildActionMask = 2147483647;
			files = (
				D1205D1513AC21FA00E346E5 /* InfoPlist.strings in Resources */,
				D1205D2213AC21FA00E346E5 /* MainWindow_iPhone.xib in Resources */,
				D1205D2913AC21FA00E346E5 /* MainWindow_iPad.xib in Resources */,
			);
			runOnlyForDeploymentPostprocessing = 0;
		};
/* End PBXResourcesBuildPhase section */

/* Begin PBXSourcesBuildPhase section */
		1D60588E0D05DD3D006BFB54 /* Sources */ = {
			isa = PBXSourcesBuildPhase;
			buildActionMask = 2147483647;
			files = (
				1D60589B0D05DD56006BFB54 /* main.m in Sources */,
				1D3623260D0F684500981E51 /* MachineAppDelegate.m in Sources */,
				2804200B108E984D000629CD /* RootViewController.m in Sources */,
				2819300E112F7FA900ECF9B4 /* Machine.xcdatamodeld in Sources */,
				D19EBB3012FF7434002763E4 /* ContextController.m in Sources */,
				D1FF46141362530B002E9BD3 /* MedicineAddViewController.m in Sources */,
				D1FF461B13625324002E9BD3 /* MealAddViewController.m in Sources */,
				D1FF462213625368002E9BD3 /* ExerciseAddViewController.m in Sources */,
				D13D308613AD4E2B0041ECAC /* Goal.m in Sources */,
				D13D30B113AD4FE10041ECAC /* BloodGlucose.m in Sources */,
				D13D30B213AD4FE10041ECAC /* BloodGlucoseAddViewController.m in Sources */,
				D13D30B313AD4FE10041ECAC /* BloodGlucoseDay.m in Sources */,
				D13D30B413AD4FE10041ECAC /* BloodPressure.m in Sources */,
				D13D30B513AD4FE10041ECAC /* BloodPressureAddViewController.m in Sources */,
				D13D30B613AD4FE10041ECAC /* BloodPressureDay.m in Sources */,
				D13D30B713AD4FE10041ECAC /* Exercise.m in Sources */,
				D13D30B813AD4FE10041ECAC /* ExerciseDetailViewController.m in Sources */,
				D13D30B913AD4FE10041ECAC /* ExerciseItem.m in Sources */,
				D13D30BA13AD4FE10041ECAC /* FoodItem.m in Sources */,
				D13D30BB13AD4FE10041ECAC /* GoalAddViewController.m in Sources */,
				D13D30BC13AD4FE10041ECAC /* GoalDetailViewController.m in Sources */,
				D13D30BD13AD4FE10041ECAC /* GoalRec.m in Sources */,
				D13D30BE13AD4FE10041ECAC /* Meal.m in Sources */,
				D13D30BF13AD4FE10041ECAC /* MealDetailViewController.m in Sources */,
				D13D30C013AD4FE10041ECAC /* Medicine.m in Sources */,
				D13D30C113AD4FE10041ECAC /* MedicineDetailViewController.m in Sources */,
				D13D30C213AD4FE10041ECAC /* RxItem.m in Sources */,
				D13D30C313AD4FE10041ECAC /* Vital.m in Sources */,
				D13D30C413AD4FE10041ECAC /* VitalDetailViewController.m in Sources */,
				D13D30C513AD4FE10041ECAC /* Weight.m in Sources */,
			);
			runOnlyForDeploymentPostprocessing = 0;
		};
		D1205D0713AC21FA00E346E5 /* Sources */ = {
			isa = PBXSourcesBuildPhase;
			buildActionMask = 2147483647;
			files = (
				D1205D1813AC21FA00E346E5 /* GHUnitIOSTestMain.m in Sources */,
				D1205D1B13AC21FA00E346E5 /* TestsAppDelegate.m in Sources */,
				D1205D1F13AC21FA00E346E5 /* TestsAppDelegate_iPhone.m in Sources */,
				D1205D2613AC21FA00E346E5 /* TestsAppDelegate_iPad.m in Sources */,
				D13D308313AD23F80041ECAC /* SampleTests.m in Sources */,
			);
			runOnlyForDeploymentPostprocessing = 0;
		};
/* End PBXSourcesBuildPhase section */

/* Begin PBXTargetDependency section */
		D13D307F13AD0BB40041ECAC /* PBXTargetDependency */ = {
			isa = PBXTargetDependency;
			target = 1D6058900D05DD3D006BFB54 /* Machine */;
			targetProxy = D13D307E13AD0BB40041ECAC /* PBXContainerItemProxy */;
		};
/* End PBXTargetDependency section */

/* Begin PBXVariantGroup section */
		D1205D1313AC21FA00E346E5 /* InfoPlist.strings */ = {
			isa = PBXVariantGroup;
			children = (
				D1205D1413AC21FA00E346E5 /* en */,
			);
			name = InfoPlist.strings;
			sourceTree = "<group>";
		};
		D1205D2013AC21FA00E346E5 /* MainWindow_iPhone.xib */ = {
			isa = PBXVariantGroup;
			children = (
				D1205D2113AC21FA00E346E5 /* en */,
			);
			name = MainWindow_iPhone.xib;
			sourceTree = "<group>";
		};
		D1205D2713AC21FA00E346E5 /* MainWindow_iPad.xib */ = {
			isa = PBXVariantGroup;
			children = (
				D1205D2813AC21FA00E346E5 /* en */,
			);
			name = MainWindow_iPad.xib;
			sourceTree = "<group>";
		};
/* End PBXVariantGroup section */

/* Begin XCBuildConfiguration section */
		1D6058940D05DD3E006BFB54 /* Debug */ = {
			isa = XCBuildConfiguration;
			buildSettings = {
				ALWAYS_SEARCH_USER_PATHS = NO;
				COPY_PHASE_STRIP = NO;
				FRAMEWORK_SEARCH_PATHS = (
					"$(inherited)",
					"\"$(SRCROOT)/../../../Development/Frameworks\"",
				);
				GCC_DYNAMIC_NO_PIC = NO;
				GCC_OPTIMIZATION_LEVEL = 0;
				GCC_PRECOMPILE_PREFIX_HEADER = YES;
				GCC_PREFIX_HEADER = Machine_Prefix.pch;
				INFOPLIST_FILE = "Machine-Info.plist";
				IPHONEOS_DEPLOYMENT_TARGET = 4.3;
				ONLY_ACTIVE_ARCH = NO;
				PRODUCT_NAME = Machine;
				SDKROOT = iphoneos4.3;
				TEST_AFTER_BUILD = NO;
			};
			name = Debug;
		};
		1D6058950D05DD3E006BFB54 /* Release */ = {
			isa = XCBuildConfiguration;
			buildSettings = {
				ALWAYS_SEARCH_USER_PATHS = NO;
				COPY_PHASE_STRIP = YES;
				FRAMEWORK_SEARCH_PATHS = (
					"$(inherited)",
					"\"$(SRCROOT)/../../../Development/Frameworks\"",
				);
				GCC_PRECOMPILE_PREFIX_HEADER = YES;
				GCC_PREFIX_HEADER = Machine_Prefix.pch;
				INFOPLIST_FILE = "Machine-Info.plist";
				IPHONEOS_DEPLOYMENT_TARGET = 4.3;
				ONLY_ACTIVE_ARCH = NO;
				PRODUCT_NAME = Machine;
				TEST_AFTER_BUILD = NO;
				VALIDATE_PRODUCT = YES;
			};
			name = Release;
		};
		C01FCF4F08A954540054247B /* Debug */ = {
			isa = XCBuildConfiguration;
			buildSettings = {
				ARCHS = "$(ARCHS_UNIVERSAL_IPHONE_OS)";
				"CODE_SIGN_IDENTITY[sdk=iphoneos*]" = "iPhone Developer";
				GCC_C_LANGUAGE_STANDARD = c99;
				GCC_WARN_ABOUT_RETURN_TYPE = YES;
				GCC_WARN_UNUSED_VARIABLE = YES;
				PREBINDING = NO;
				SDKROOT = iphoneos4.2;
				TARGETED_DEVICE_FAMILY = 2;
			};
			name = Debug;
		};
		C01FCF5008A954540054247B /* Release */ = {
			isa = XCBuildConfiguration;
			buildSettings = {
				ARCHS = "$(ARCHS_UNIVERSAL_IPHONE_OS)";
				"CODE_SIGN_IDENTITY[sdk=iphoneos*]" = "iPhone Developer";
				GCC_C_LANGUAGE_STANDARD = c99;
				GCC_WARN_ABOUT_RETURN_TYPE = YES;
				GCC_WARN_UNUSED_VARIABLE = YES;
				OTHER_CFLAGS = "-DNS_BLOCK_ASSERTIONS=1";
				PREBINDING = NO;
				SDKROOT = iphoneos;
				TARGETED_DEVICE_FAMILY = 2;
			};
			name = Release;
		};
		D1205D2B13AC21FA00E346E5 /* Debug */ = {
			isa = XCBuildConfiguration;
			buildSettings = {
				ALWAYS_SEARCH_USER_PATHS = NO;
				ARCHS = "$(ARCHS_STANDARD_32_BIT)";
				"CODE_SIGN_IDENTITY[sdk=iphoneos*]" = "iPhone Developer";
				COPY_PHASE_STRIP = NO;
				FRAMEWORK_SEARCH_PATHS = (
					"$(inherited)",
					"\"$(SRCROOT)/../../../Development/Frameworks\"",
					"\"$(SRCROOT)/../../../../Frameworks\"",
				);
				"FRAMEWORK_SEARCH_PATHS[sdk=iphonesimulator4.3][arch=*]" = "\"/Users/dlwhitehurst/Development/Frameworks\"";
				GCC_C_LANGUAGE_STANDARD = gnu99;
				GCC_DYNAMIC_NO_PIC = NO;
				GCC_OPTIMIZATION_LEVEL = 0;
				GCC_PRECOMPILE_PREFIX_HEADER = YES;
				GCC_PREFIX_HEADER = "Tests/Tests-Prefix.pch";
				GCC_PREPROCESSOR_DEFINITIONS = DEBUG;
				GCC_SYMBOLS_PRIVATE_EXTERN = NO;
				GCC_VERSION = com.apple.compilers.llvmgcc42;
				"HEADER_SEARCH_PATHS[arch=*]" = "\"/Users/dlwhitehurst/Development/Coding/Objective-C/iPad/machine\"";
				INFOPLIST_FILE = "Tests/Tests-Info.plist";
				IPHONEOS_DEPLOYMENT_TARGET = 4.3;
				KEEP_PRIVATE_EXTERNS = NO;
				LD_GENERATE_MAP_FILE = NO;
				"OTHER_LDFLAGS[sdk=iphonesimulator4.3][arch=*]" = (
					"-ObjC",
					"-all_load",
				);
				PRODUCT_NAME = "$(TARGET_NAME)";
				SDKROOT = iphoneos;
				TARGETED_DEVICE_FAMILY = "1,2";
				WRAPPER_EXTENSION = app;
			};
			name = Debug;
		};
		D1205D2C13AC21FA00E346E5 /* Release */ = {
			isa = XCBuildConfiguration;
			buildSettings = {
				ALWAYS_SEARCH_USER_PATHS = NO;
				ARCHS = "$(ARCHS_STANDARD_32_BIT)";
				"CODE_SIGN_IDENTITY[sdk=iphoneos*]" = "iPhone Developer";
				COPY_PHASE_STRIP = YES;
				FRAMEWORK_SEARCH_PATHS = (
					"$(inherited)",
					"\"$(SRCROOT)/../../../Development/Frameworks\"",
					"\"$(SRCROOT)/../../../../Frameworks\"",
				);
				"FRAMEWORK_SEARCH_PATHS[arch=*]" = "\"/Users/dlwhitehurst/Development/Frameworks/GHUnitIOS.framework\"";
				GCC_C_LANGUAGE_STANDARD = gnu99;
				GCC_PRECOMPILE_PREFIX_HEADER = YES;
				GCC_PREFIX_HEADER = "Tests/Tests-Prefix.pch";
				GCC_VERSION = com.apple.compilers.llvmgcc42;
				INFOPLIST_FILE = "Tests/Tests-Info.plist";
				IPHONEOS_DEPLOYMENT_TARGET = 4.3;
				KEEP_PRIVATE_EXTERNS = NO;
				LD_GENERATE_MAP_FILE = NO;
				"OTHER_LDFLAGS[sdk=iphoneos*][arch=*]" = (
					"-ObjC",
					"-all_load",
				);
				PRODUCT_NAME = "$(TARGET_NAME)";
				TARGETED_DEVICE_FAMILY = "1,2";
				VALIDATE_PRODUCT = YES;
				WRAPPER_EXTENSION = app;
			};
			name = Release;
		};
/* End XCBuildConfiguration section */

/* Begin XCConfigurationList section */
		1D6058960D05DD3E006BFB54 /* Build configuration list for PBXNativeTarget "Machine" */ = {
			isa = XCConfigurationList;
			buildConfigurations = (
				1D6058940D05DD3E006BFB54 /* Debug */,
				1D6058950D05DD3E006BFB54 /* Release */,
			);
			defaultConfigurationIsVisible = 0;
			defaultConfigurationName = Release;
		};
		C01FCF4E08A954540054247B /* Build configuration list for PBXProject "Machine" */ = {
			isa = XCConfigurationList;
			buildConfigurations = (
				C01FCF4F08A954540054247B /* Debug */,
				C01FCF5008A954540054247B /* Release */,
			);
			defaultConfigurationIsVisible = 0;
			defaultConfigurationName = Release;
		};
		D1205D2A13AC21FA00E346E5 /* Build configuration list for PBXNativeTarget "Tests" */ = {
			isa = XCConfigurationList;
			buildConfigurations = (
				D1205D2B13AC21FA00E346E5 /* Debug */,
				D1205D2C13AC21FA00E346E5 /* Release */,
			);
			defaultConfigurationIsVisible = 0;
			defaultConfigurationName = Release;
		};
/* End XCConfigurationList section */

/* Begin XCVersionGroup section */
		2819300D112F7FA900ECF9B4 /* Machine.xcdatamodeld */ = {
			isa = XCVersionGroup;
			children = (
				280420B3108E9F58000629CD /* Machine.xcdatamodel */,
			);
			currentVersion = 280420B3108E9F58000629CD /* Machine.xcdatamodel */;
			name = Machine.xcdatamodeld;
			path = Punch.xcdatamodeld;
			sourceTree = "<group>";
			versionGroupType = wrapper.xcdatamodel;
		};
/* End XCVersionGroup section */
	};
	rootObject = 29B97313FDCFA39411CA2CEA /* Project object */;
}
